
Microsoft Visual Studio Solution File, Format Version 12.00
# Visual Studio Version 17
VisualStudioVersion = 17.10.35004.147
MinimumVisualStudioVersion = 10.0.40219.1
Project("{FAE04EC0-301F-11D3-BF4B-00C04F79EFBC}") = "EduAssessApp", "EduAssessApp\EduAssessApp.csproj", "{BCF5AD6B-D248-4F23-9CDA-0AA51B89D6BF}"
EndProject
Project("{FAE04EC0-301F-11D3-BF4B-00C04F79EFBC}") = "Application", "Application\Application.csproj", "{5A8F8251-C66B-4886-964C-B65CA47F706A}"
EndProject
Project("{FAE04EC0-301F-11D3-BF4B-00C04F79EFBC}") = "Domain", "Domain\Domain.csproj", "{81BF4BA8-E944-4B73-9AFC-A00182E020B6}"
EndProject
Project("{FAE04EC0-301F-11D3-BF4B-00C04F79EFBC}") = "Infrastructure", "Infrastructure\Infrastructure.csproj", "{2E99E7A6-0365-44B6-BFC0-4DD6A1C9FF29}"
EndProject
Global
	GlobalSection(SolutionConfigurationPlatforms) = preSolution
		Debug|Any CPU = Debug|Any CPU
		Release|Any CPU = Release|Any CPU
	EndGlobalSection
	GlobalSection(ProjectConfigurationPlatforms) = postSolution
		{BCF5AD6B-D248-4F23-9CDA-0AA51B89D6BF}.Debug|Any CPU.ActiveCfg = Debug|Any CPU
		{BCF5AD6B-D248-4F23-9CDA-0AA51B89D6BF}.Debug|Any CPU.Build.0 = Debug|Any CPU
		{BCF5AD6B-D248-4F23-9CDA-0AA51B89D6BF}.Release|Any CPU.ActiveCfg = Release|Any CPU
		{BCF5AD6B-D248-4F23-9CDA-0AA51B89D6BF}.Release|Any CPU.Build.0 = Release|Any CPU
		{5A8F8251-C66B-4886-964C-B65CA47F706A}.Debug|Any CPU.ActiveCfg = Debug|Any CPU
		{5A8F8251-C66B-4886-964C-B65CA47F706A}.Debug|Any CPU.Build.0 = Debug|Any CPU
		{5A8F8251-C66B-4886-964C-B65CA47F706A}.Release|Any CPU.ActiveCfg = Release|Any CPU
		{5A8F8251-C66B-4886-964C-B65CA47F706A}.Release|Any CPU.Build.0 = Release|Any CPU
		{81BF4BA8-E944-4B73-9AFC-A00182E020B6}.Debug|Any CPU.ActiveCfg = Debug|Any CPU
		{81BF4BA8-E944-4B73-9AFC-A00182E020B6}.Debug|Any CPU.Build.0 = Debug|Any CPU
		{81BF4BA8-E944-4B73-9AFC-A00182E020B6}.Release|Any CPU.ActiveCfg = Release|Any CPU
		{81BF4BA8-E944-4B73-9AFC-A00182E020B6}.Release|Any CPU.Build.0 = Release|Any CPU
		{2E99E7A6-0365-44B6-BFC0-4DD6A1C9FF29}.Debug|Any CPU.ActiveCfg = Debug|Any CPU
		{2E99E7A6-0365-44B6-BFC0-4DD6A1C9FF29}.Debug|Any CPU.Build.0 = Debug|Any CPU
		{2E99E7A6-0365-44B6-BFC0-4DD6A1C9FF29}.Release|Any CPU.ActiveCfg = Release|Any CPU
		{2E99E7A6-0365-44B6-BFC0-4DD6A1C9FF29}.Release|Any CPU.Build.0 = Release|Any CPU
	EndGlobalSection
	GlobalSection(SolutionProperties) = preSolution
		HideSolutionNode = FALSE
	EndGlobalSection
	GlobalSection(ExtensibilityGlobals) = postSolution
		SolutionGuid = {31BFF2A5-A79D-416E-A271-8DBDFBA49FA1}
	EndGlobalSection
EndGlobal
